#MicroXplorer Configuration settings - do not modify
CAD.formats=
CAD.pinconfig=
CAD.provider=
Dma.Request0=USART1_TX
Dma.RequestsNb=1
Dma.USART1_TX.0.Direction=DMA_MEMORY_TO_PERIPH
Dma.USART1_TX.0.EventEnable=DISABLE
Dma.USART1_TX.0.Instance=DMA2_Channel4
Dma.USART1_TX.0.MemDataAlignment=DMA_MDATAALIGN_BYTE
Dma.USART1_TX.0.MemInc=DMA_MINC_ENABLE
Dma.USART1_TX.0.Mode=DMA_NORMAL
Dma.USART1_TX.0.PeriphDataAlignment=DMA_PDATAALIGN_BYTE
Dma.USART1_TX.0.PeriphInc=DMA_PINC_DISABLE
Dma.USART1_TX.0.Polarity=HAL_DMAMUX_REQ_GEN_RISING
Dma.USART1_TX.0.Priority=DMA_PRIORITY_LOW
Dma.USART1_TX.0.RequestNumber=1
Dma.USART1_TX.0.RequestParameters=Instance,Direction,PeriphInc,MemInc,PeriphDataAlignment,MemDataAlignment,Mode,Priority,SignalID,Polarity,RequestNumber,SyncSignalID,SyncPolarity,SyncEnable,EventEnable,SyncRequestNumber
Dma.USART1_TX.0.SignalID=NONE
Dma.USART1_TX.0.SyncEnable=DISABLE
Dma.USART1_TX.0.SyncPolarity=HAL_DMAMUX_SYNC_NO_EVENT
Dma.USART1_TX.0.SyncRequestNumber=1
Dma.USART1_TX.0.SyncSignalID=NONE
FATFS.IPParameters=_USE_LFN,_FS_MINIMIZE
FATFS._FS_MINIMIZE=0
FATFS._USE_LFN=3
File.Version=6
GPIO.groupedBy=Group By Peripherals
I2C1.IPParameters=Timing
I2C1.Timing=0x00B07CB4
KeepUserPlacement=false
LPUART1.BaudRate=115200
LPUART1.IPParameters=BaudRate
MMTAppRegionsCount=0
MMTConfigApplied=false
Mcu.CPN=STM32WB55RGV7
Mcu.Family=STM32WB
Mcu.IP0=DMA
Mcu.IP1=FATFS
Mcu.IP10=RTC
Mcu.IP11=SEQUENCER
Mcu.IP12=SPI1
Mcu.IP13=STM32_WPAN
Mcu.IP14=SYS
Mcu.IP15=TIM2
Mcu.IP16=TINY_LPM
Mcu.IP17=USART1
Mcu.IP2=HSEM
Mcu.IP3=I2C1
Mcu.IP4=IPCC
Mcu.IP5=LPUART1
Mcu.IP6=MEMORYMAP
Mcu.IP7=NVIC
Mcu.IP8=RCC
Mcu.IP9=RF
Mcu.IPNb=18
Mcu.Name=STM32WB55RGVx
Mcu.Package=VFQFPN68
Mcu.Pin0=PB8
Mcu.Pin1=PB9
Mcu.Pin10=OSC_OUT
Mcu.Pin11=OSC_IN
Mcu.Pin12=PA10
Mcu.Pin13=PA11
Mcu.Pin14=PA13
Mcu.Pin15=PA14
Mcu.Pin16=PC10
Mcu.Pin17=VP_FATFS_VS_Generic
Mcu.Pin18=VP_HSEM_VS_HSEM
Mcu.Pin19=VP_IPCC_VS_IPCC
Mcu.Pin2=PA1
Mcu.Pin20=VP_RTC_VS_RTC_Activate
Mcu.Pin21=VP_RTC_VS_RTC_WakeUp_intern
Mcu.Pin22=VP_SEQUENCER_VS_SEQUENCER
Mcu.Pin23=VP_STM32_WPAN_VS_BLE_HOST
Mcu.Pin24=VP_SYS_VS_Systick
Mcu.Pin25=VP_TIM2_VS_ClockSourceINT
Mcu.Pin26=VP_TINY_LPM_VS_TINY_LPM
Mcu.Pin27=VP_MEMORYMAP_VS_MEMORYMAP
Mcu.Pin3=PA4
Mcu.Pin4=PA6
Mcu.Pin5=PA7
Mcu.Pin6=PA9
Mcu.Pin7=PB10
Mcu.Pin8=PB11
Mcu.Pin9=RF1
Mcu.PinsNb=28
Mcu.ThirdPartyNb=0
Mcu.UserConstants=
Mcu.UserName=STM32WB55RGVx
MxCube.Version=6.12.1
MxDb.Version=DB.6.0.121
NVIC.BusFault_IRQn=true\:0\:0\:false\:false\:true\:false\:false\:false
NVIC.DMA2_Channel4_IRQn=true\:0\:0\:false\:false\:true\:false\:true\:true
NVIC.DebugMonitor_IRQn=true\:0\:0\:false\:false\:true\:false\:false\:false
NVIC.ForceEnableDMAVector=true
NVIC.HSEM_IRQn=true\:0\:0\:false\:false\:true\:false\:true\:true
NVIC.HardFault_IRQn=true\:0\:0\:false\:false\:true\:false\:false\:false
NVIC.IPCC_C1_RX_IRQn=true\:0\:0\:false\:false\:true\:true\:true\:true
NVIC.IPCC_C1_TX_IRQn=true\:0\:0\:false\:false\:true\:true\:true\:true
NVIC.MemoryManagement_IRQn=true\:0\:0\:false\:false\:true\:false\:false\:false
NVIC.NonMaskableInt_IRQn=true\:0\:0\:false\:false\:true\:false\:false\:false
NVIC.PendSV_IRQn=true\:0\:0\:false\:false\:true\:false\:false\:false
NVIC.PriorityGroup=NVIC_PRIORITYGROUP_4
NVIC.RTC_WKUP_IRQn=true\:0\:0\:false\:false\:true\:true\:true\:true
NVIC.SVCall_IRQn=true\:0\:0\:false\:false\:true\:false\:false\:false
NVIC.SysTick_IRQn=true\:15\:0\:false\:false\:true\:false\:true\:false
NVIC.UsageFault_IRQn=true\:0\:0\:false\:false\:true\:false\:false\:false
OSC_IN.Mode=HSE-External-Oscillator
OSC_IN.Signal=RCC_OSC_IN
OSC_OUT.Mode=HSE-External-Oscillator
OSC_OUT.Signal=RCC_OSC_OUT
PA1.Locked=true
PA1.Mode=Full_Duplex_Master
PA1.Signal=SPI1_SCK
PA10.Mode=Asynchronous
PA10.Signal=USART1_RX
PA11.GPIOParameters=GPIO_Label
PA11.GPIO_Label=SA0
PA11.Locked=true
PA11.Signal=GPIO_Output
PA13.Mode=Serial_Wire
PA13.Signal=SYS_JTMS-SWDIO
PA14.Mode=Serial_Wire
PA14.Signal=SYS_JTCK-SWCLK
PA4.GPIOParameters=GPIO_Label
PA4.GPIO_Label=SD_CS
PA4.Locked=true
PA4.Signal=GPIO_Output
PA6.Locked=true
PA6.Mode=Full_Duplex_Master
PA6.Signal=SPI1_MISO
PA7.Locked=true
PA7.Mode=Full_Duplex_Master
PA7.Signal=SPI1_MOSI
PA9.Mode=Asynchronous
PA9.Signal=USART1_TX
PB10.Locked=true
PB10.Mode=Asynchronous
PB10.Signal=LPUART1_RX
PB11.Locked=true
PB11.Mode=Asynchronous
PB11.Signal=LPUART1_TX
PB8.GPIOParameters=GPIO_Speed,GPIO_Pu
PB8.GPIO_Pu=GPIO_NOPULL
PB8.GPIO_Speed=GPIO_SPEED_FREQ_VERY_HIGH
PB8.Mode=I2C
PB8.Signal=I2C1_SCL
PB9.GPIOParameters=GPIO_Speed,GPIO_Pu
PB9.GPIO_Pu=GPIO_NOPULL
PB9.GPIO_Speed=GPIO_SPEED_FREQ_VERY_HIGH
PB9.Mode=I2C
PB9.Signal=I2C1_SDA
PC10.GPIOParameters=GPIO_Speed,GPIO_PuPd,GPIO_Label,GPIO_ModeDefaultOutputPP
PC10.GPIO_Label=temp_io
PC10.GPIO_ModeDefaultOutputPP=GPIO_MODE_OUTPUT_OD
PC10.GPIO_PuPd=GPIO_PULLUP
PC10.GPIO_Speed=GPIO_SPEED_FREQ_LOW
PC10.Locked=true
PC10.Signal=GPIO_Output
PCC.Ble.ConnectionInterval=1000.0
PCC.Ble.DataLength=6
PCC.Ble.IsUsed=false
PCC.Ble.Mode=NOT_SELECTED
PCC.Ble.PowerLevel=Min
PCC.Zigbee.IsUsed=false
PCC.Zigbee.Mode=Sleepy End Device
PCC.Zigbee.Payload=15
PCC.Zigbee.PoolPeriodicity=480.0
PCC.Zigbee.PowerLevel=Min
PCC.Zigbee.RequestPeriodicity=1500.0
PinOutPanel.RotationAngle=0
ProjectManager.AskForMigrate=true
ProjectManager.BackupPrevious=false
ProjectManager.CompilerLinker=GCC
ProjectManager.CompilerOptimize=6
ProjectManager.ComputerToolchain=false
ProjectManager.CoupleFile=false
ProjectManager.CustomerFirmwarePackage=
ProjectManager.DefaultFWLocation=true
ProjectManager.DeletePrevious=true
ProjectManager.DeviceId=STM32WB55RGVx
ProjectManager.FirmwarePackage=STM32Cube FW_WB V1.20.0
ProjectManager.FreePins=false
ProjectManager.HalAssertFull=false
ProjectManager.HeapSize=0x200
ProjectManager.KeepUserCode=true
ProjectManager.LastFirmware=true
ProjectManager.LibraryCopy=1
ProjectManager.MainLocation=Core/Src
ProjectManager.NoMain=false
ProjectManager.PreviousToolchain=
ProjectManager.ProjectBuild=false
ProjectManager.ProjectFileName=EMBEDDED_AI_M2.ioc
ProjectManager.ProjectName=EMBEDDED_AI_M2
ProjectManager.ProjectStructure=
ProjectManager.RegisterCallBack=
ProjectManager.StackSize=0x400
ProjectManager.TargetToolchain=STM32CubeIDE
ProjectManager.ToolChainLocation=
ProjectManager.UAScriptAfterPath=
ProjectManager.UAScriptBeforePath=
ProjectManager.UnderRoot=true
ProjectManager.functionlistsort=1-SystemClock_Config-RCC-false-HAL-false,2-MX_GPIO_Init-GPIO-false-HAL-true,3-MX_DMA_Init-DMA-false-HAL-true,4-MX_I2C1_Init-I2C1-false-HAL-true,5-MX_LPUART1_UART_Init-LPUART1-false-HAL-true,6-MX_SPI1_Init-SPI1-false-HAL-true,7-MX_FATFS_Init-FATFS-false-HAL-false,8-MX_TIM2_Init-TIM2-false-HAL-true,9-MX_IPCC_Init-IPCC-false-HAL-true,10-MX_USART1_UART_Init-USART1-false-HAL-true,11-MX_RTC_Init-RTC-false-HAL-true,12-APPE_Init-STM32_WPAN-false-HAL-false,13-MX_RF_Init-RF-false-HAL-true,0-MX_HSEM_Init-HSEM-false-HAL-true
RCC.ADCFreq_Value=128000000
RCC.AHBFreq_Value=32000000
RCC.APB1Freq_Value=32000000
RCC.APB1TimFreq_Value=32000000
RCC.APB2Freq_Value=32000000
RCC.APB2TimFreq_Value=32000000
RCC.APB3Freq_Value=16000000
RCC.Cortex2Freq_Value=32000000
RCC.CortexFreq_Value=32000000
RCC.FCLK2Freq_Value=32000000
RCC.FCLKCortexFreq_Value=32000000
RCC.FamilyName=M
RCC.HCLK2Freq_Value=32000000
RCC.HCLK3Freq_Value=32000000
RCC.HCLKFreq_Value=32000000
RCC.HCLKRFFreq_Value=16000000
RCC.HSE_VALUE=32000000
RCC.HSI48_VALUE=48000000
RCC.HSI_VALUE=16000000
RCC.I2C1CLockSelection=RCC_I2C1CLKSOURCE_SYSCLK
RCC.I2C1Freq_Value=32000000
RCC.I2C3Freq_Value=32000000
RCC.IPParameters=ADCFreq_Value,AHBFreq_Value,APB1Freq_Value,APB1TimFreq_Value,APB2Freq_Value,APB2TimFreq_Value,APB3Freq_Value,Cortex2Freq_Value,CortexFreq_Value,FCLK2Freq_Value,FCLKCortexFreq_Value,FamilyName,HCLK2Freq_Value,HCLK3Freq_Value,HCLKFreq_Value,HCLKRFFreq_Value,HSE_VALUE,HSI48_VALUE,HSI_VALUE,I2C1CLockSelection,I2C1Freq_Value,I2C3Freq_Value,LCDFreq_Value,LPTIM1Freq_Value,LPTIM2Freq_Value,LPUART1Freq_Value,LSCOPinFreq_Value,LSE_VALUE,LSI_VALUE,MCO1PinFreq_Value,MSIClockRange,PLLPoutputFreq_Value,PLLQoutputFreq_Value,PLLRCLKFreq_Value,PLLSAI1PoutputFreq_Value,PLLSAI1QoutputFreq_Value,PLLSAI1RoutputFreq_Value,PWRFreq_Value,RFWKPFreq_Value,RNGFreq_Value,RTCFreq_Value,SAI1Freq_Value,SMPS1Freq_Value,SMPSFreq_Value,SYSCLKFreq_VALUE,SYSCLKSource,USART1Freq_Value,USBFreq_Value,VCOInputFreq_Value,VCOOutputFreq_Value,VCOSAI1OutputFreq_Value
RCC.LCDFreq_Value=32000
RCC.LPTIM1Freq_Value=32000000
RCC.LPTIM2Freq_Value=32000000
RCC.LPUART1Freq_Value=32000000
RCC.LSCOPinFreq_Value=32000
RCC.LSE_VALUE=32768
RCC.LSI_VALUE=32000
RCC.MCO1PinFreq_Value=32000000
RCC.MSIClockRange=RCC_MSIRANGE_10
RCC.PLLPoutputFreq_Value=128000000
RCC.PLLQoutputFreq_Value=128000000
RCC.PLLRCLKFreq_Value=128000000
RCC.PLLSAI1PoutputFreq_Value=128000000
RCC.PLLSAI1QoutputFreq_Value=128000000
RCC.PLLSAI1RoutputFreq_Value=128000000
RCC.PWRFreq_Value=32000000
RCC.RFWKPFreq_Value=31250
RCC.RNGFreq_Value=32000
RCC.RTCFreq_Value=32000
RCC.SAI1Freq_Value=128000000
RCC.SMPS1Freq_Value=8000000
RCC.SMPSFreq_Value=4000000
RCC.SYSCLKFreq_VALUE=32000000
RCC.SYSCLKSource=RCC_SYSCLKSOURCE_HSE
RCC.USART1Freq_Value=32000000
RCC.USBFreq_Value=128000000
RCC.VCOInputFreq_Value=32000000
RCC.VCOOutputFreq_Value=256000000
RCC.VCOSAI1OutputFreq_Value=256000000
RF1.Mode=RF1_Activate
RF1.Signal=RF_RF1
SPI1.BaudRatePrescaler=SPI_BAUDRATEPRESCALER_128
SPI1.CalculateBaudRate=250.0 KBits/s
SPI1.DataSize=SPI_DATASIZE_8BIT
SPI1.Direction=SPI_DIRECTION_2LINES
SPI1.IPParameters=VirtualType,Mode,Direction,CalculateBaudRate,DataSize,BaudRatePrescaler
SPI1.Mode=SPI_MODE_MASTER
SPI1.VirtualType=VM_MASTER
STM32_WPAN.AD_SERVICE_CLASS_UUID_1=FE ED
STM32_WPAN.AD_SERVICE_CLASS_UUID_1_INV=[ED, FE]
STM32_WPAN.AD_TYPE_COMPLETE_LOCAL_NAME=TOOLKIT
STM32_WPAN.AD_TYPE_COMPLETE_LOCAL_NAME_LENGTH=8
STM32_WPAN.CFG_DEBUG_APP_TRACE=1
STM32_WPAN.CFG_DEBUG_BLE_TRACE=1
STM32_WPAN.CFG_DEBUG_TRACE_FULL=1
STM32_WPAN.CFG_DEBUG_TRACE_UART=hw_uart1
STM32_WPAN.CFG_GAP_DEVICE_NAME=TPBLE
STM32_WPAN.CFG_GAP_DEVICE_NAME_LENGTH=5
STM32_WPAN.CFG_HW_RESET_BY_FW=1
STM32_WPAN.CFG_HW_USART1_ENABLED=1
STM32_WPAN.CFG_LSCLK_LSE=0
STM32_WPAN.CUSTOM_P2P_SERVER=Disabled
STM32_WPAN.CUSTOM_TEMPLATE=Enabled
STM32_WPAN.GAP_PERIPHERAL_ROLE=1
STM32_WPAN.INCLUDE_AD_TYPE_16_BIT_SERV_UUID_CMPLT_LIST=1
STM32_WPAN.INCLUDE_AD_TYPE_COMPLETE_LOCAL_NAME=1
STM32_WPAN.INCLUDE_AD_TYPE_MANUFACTURER_SPECIFIC_DATA=1
STM32_WPAN.INCLUDE_AD_TYPE_TX_POWER_LEVEL=1
STM32_WPAN.IPParameters=CUSTOM_P2P_SERVER,CUSTOM_TEMPLATE,NUMBER_OF_SERVICES,SERVICE1_LONG_NAME,SERVICE1_SHORT_NAME,SERVICE1_UUID,SERVICE1_CHAR1_LONG_NAME,SERVICE1_CHAR1_SHORT_NAME,SERVICE1_CHAR1_UUID,SERVICE1_CHAR1_VALUE_LENGTH,SERVICE1_CHAR1_LENGTH_CHARACTERISTIC,SERVICE1_CHAR1_GATT_NOTIFY_WRITE_REQ_AND_WAIT_FOR_APPL_RESP,GAP_PERIPHERAL_ROLE,CFG_GAP_DEVICE_NAME,CFG_GAP_DEVICE_NAME_LENGTH,INCLUDE_AD_TYPE_TX_POWER_LEVEL,INCLUDE_AD_TYPE_COMPLETE_LOCAL_NAME,AD_TYPE_COMPLETE_LOCAL_NAME,AD_TYPE_COMPLETE_LOCAL_NAME_LENGTH,INCLUDE_AD_TYPE_16_BIT_SERV_UUID_CMPLT_LIST,AD_SERVICE_CLASS_UUID_1,AD_SERVICE_CLASS_UUID_1_INV,INCLUDE_AD_TYPE_MANUFACTURER_SPECIFIC_DATA,CFG_HW_USART1_ENABLED,CFG_DEBUG_TRACE_UART,CFG_HW_RESET_BY_FW,CFG_DEBUG_BLE_TRACE,CFG_DEBUG_APP_TRACE,CFG_DEBUG_TRACE_FULL,CFG_LSCLK_LSE,SERVICE1_CHAR1_GATT_NOTIFY_READ_REQ_AND_WAIT_FOR_APPL_RESP,SERVICE2_LONG_NAME,SERVICE2_SHORT_NAME,SERVICE3_LONG_NAME,SERVICE3_SHORT_NAME,SERVICE4_LONG_NAME,SERVICE4_SHORT_NAME,SERVICE5_LONG_NAME,SERVICE5_SHORT_NAME,SERVICE1_CHAR1_PROP_READ,SERVICE1_CHAR1_PROP_WRITE_WITHOUT_RESP,SERVICE1_NUMBER_OF_CHARACTERISTICS,SERVICE1_CHAR2_LONG_NAME,SERVICE1_CHAR2_SHORT_NAME,SERVICE1_CHAR2_UUID,SERVICE1_CHAR2_PROP_READ,SERVICE1_CHAR2_PROP_WRITE_WITHOUT_RESP,SERVICE1_CHAR2_GATT_NOTIFY_WRITE_REQ_AND_WAIT_FOR_APPL_RESP,SERVICE1_CHAR2_GATT_NOTIFY_READ_REQ_AND_WAIT_FOR_APPL_RESP,SERVICE2_UUID,SERVICE2_CHAR1_LONG_NAME,SERVICE2_CHAR1_SHORT_NAME,SERVICE2_CHAR1_UUID,SERVICE2_CHAR1_PROP_NOTIFY,SERVICE2_CHAR1_LENGTH_CHARACTERISTIC,SERVICE1_CHAR2_LENGTH_CHARACTERISTIC,SERVICE2_CHAR1_GATT_NOTIFY_WRITE_REQ_AND_WAIT_FOR_APPL_RESP,SERVICE2_CHAR1_GATT_NOTIFY_READ_REQ_AND_WAIT_FOR_APPL_RESP,SERVICE3_NUMBER_OF_CHARACTERISTICS,SERVICE4_NUMBER_OF_CHARACTERISTICS,SERVICE5_CHAR1_LONG_NAME,SERVICE5_UUID,SERVICE5_CHAR1_UUID,SERVICE5_CHAR1_LENGTH_CHARACTERISTIC,SERVICE5_CHAR1_SHORT_NAME,SERVICE5_CHAR1_PROP_NOTIFY,SERVICE5_CHAR1_GATT_NOTIFY_WRITE_REQ_AND_WAIT_FOR_APPL_RESP,SERVICE5_CHAR1_GATT_NOTIFY_READ_REQ_AND_WAIT_FOR_APPL_RESP,SERVICE4_UUID,SERVICE4_CHAR1_UUID,SERVICE4_CHAR2_UUID,SERVICE4_CHAR3_UUID,SERVICE4_CHAR3_LENGTH_CHARACTERISTIC,SERVICE4_CHAR2_LENGTH_CHARACTERISTIC,SERVICE4_CHAR1_LENGTH_CHARACTERISTIC,SERVICE4_CHAR1_LONG_NAME,SERVICE4_CHAR1_SHORT_NAME,SERVICE4_CHAR1_PROP_NOTIFY,SERVICE4_CHAR1_GATT_NOTIFY_WRITE_REQ_AND_WAIT_FOR_APPL_RESP,SERVICE4_CHAR1_GATT_NOTIFY_READ_REQ_AND_WAIT_FOR_APPL_RESP,SERVICE4_CHAR2_LONG_NAME,SERVICE4_CHAR2_SHORT_NAME,SERVICE4_CHAR2_PROP_NOTIFY,SERVICE4_CHAR2_GATT_NOTIFY_WRITE_REQ_AND_WAIT_FOR_APPL_RESP,SERVICE4_CHAR2_GATT_NOTIFY_READ_REQ_AND_WAIT_FOR_APPL_RESP,SERVICE4_CHAR3_LONG_NAME,SERVICE4_CHAR3_SHORT_NAME,SERVICE4_CHAR3_PROP_NOTIFY,SERVICE4_CHAR3_GATT_NOTIFY_WRITE_REQ_AND_WAIT_FOR_APPL_RESP,SERVICE4_CHAR3_GATT_NOTIFY_READ_REQ_AND_WAIT_FOR_APPL_RESP,SERVICE3_UUID,SERVICE3_CHAR1_UUID,SERVICE3_CHAR2_UUID,SERVICE3_CHAR3_UUID,SERVICE3_CHAR3_GATT_NOTIFY_WRITE_REQ_AND_WAIT_FOR_APPL_RESP,SERVICE3_CHAR3_GATT_NOTIFY_READ_REQ_AND_WAIT_FOR_APPL_RESP,SERVICE3_CHAR3_PROP_NOTIFY,SERVICE3_CHAR3_LENGTH_CHARACTERISTIC,SERVICE3_CHAR3_LONG_NAME,SERVICE3_CHAR3_SHORT_NAME,SERVICE3_CHAR2_GATT_NOTIFY_WRITE_REQ_AND_WAIT_FOR_APPL_RESP,SERVICE3_CHAR2_GATT_NOTIFY_READ_REQ_AND_WAIT_FOR_APPL_RESP,SERVICE3_CHAR2_PROP_NOTIFY,SERVICE3_CHAR2_LENGTH_CHARACTERISTIC,SERVICE3_CHAR2_LONG_NAME,SERVICE3_CHAR2_SHORT_NAME,SERVICE3_CHAR1_GATT_NOTIFY_WRITE_REQ_AND_WAIT_FOR_APPL_RESP,SERVICE3_CHAR1_GATT_NOTIFY_READ_REQ_AND_WAIT_FOR_APPL_RESP,SERVICE3_CHAR1_PROP_NOTIFY,SERVICE3_CHAR1_LENGTH_CHARACTERISTIC,SERVICE3_CHAR1_LONG_NAME,SERVICE3_CHAR1_SHORT_NAME,SERVICE3_CHAR1_PROP_READ,SERVICE3_CHAR2_PROP_READ,SERVICE3_CHAR3_PROP_READ,SERVICE2_CHAR1_PROP_READ,SERVICE4_CHAR1_PROP_READ,SERVICE4_CHAR2_PROP_READ,SERVICE4_CHAR3_PROP_READ,SERVICE3_CHAR1_GATT_NOTIFY_NOTIFICATION_COMPLETION,SERVICE3_CHAR1_VALUE_LENGTH,SERVICE3_CHAR2_VALUE_LENGTH,SERVICE3_CHAR3_VALUE_LENGTH,SERVICE3_CHAR3_GATT_NOTIFY_NOTIFICATION_COMPLETION,SERVICE3_CHAR2_GATT_NOTIFY_NOTIFICATION_COMPLETION,SERVICE4_CHAR1_VALUE_LENGTH,SERVICE4_CHAR2_VALUE_LENGTH,SERVICE4_CHAR3_VALUE_LENGTH,SERVICE4_CHAR1_GATT_NOTIFY_NOTIFICATION_COMPLETION,SERVICE4_CHAR2_GATT_NOTIFY_NOTIFICATION_COMPLETION,SERVICE4_CHAR3_GATT_NOTIFY_NOTIFICATION_COMPLETION,SERVICE5_CHAR1_VALUE_LENGTH,SERVICE5_CHAR1_PROP_READ,SERVICE5_CHAR1_GATT_NOTIFY_NOTIFICATION_COMPLETION,SERVICE2_CHAR1_VALUE_LENGTH,SERVICE2_CHAR1_GATT_NOTIFY_NOTIFICATION_COMPLETION
STM32_WPAN.NUMBER_OF_SERVICES=5
STM32_WPAN.SERVICE1_CHAR1_GATT_NOTIFY_READ_REQ_AND_WAIT_FOR_APPL_RESP=\ 
STM32_WPAN.SERVICE1_CHAR1_GATT_NOTIFY_WRITE_REQ_AND_WAIT_FOR_APPL_RESP=\ 
STM32_WPAN.SERVICE1_CHAR1_LENGTH_CHARACTERISTIC=CHAR_VALUE_LEN_VARIABLE
STM32_WPAN.SERVICE1_CHAR1_LONG_NAME=delaicharac
STM32_WPAN.SERVICE1_CHAR1_PROP_READ=CHAR_PROP_READ
STM32_WPAN.SERVICE1_CHAR1_PROP_WRITE_WITHOUT_RESP=CHAR_PROP_WRITE_WITHOUT_RESP
STM32_WPAN.SERVICE1_CHAR1_SHORT_NAME=delai
STM32_WPAN.SERVICE1_CHAR1_UUID=AA AB
STM32_WPAN.SERVICE1_CHAR1_VALUE_LENGTH=1
STM32_WPAN.SERVICE1_CHAR2_GATT_NOTIFY_READ_REQ_AND_WAIT_FOR_APPL_RESP=\ 
STM32_WPAN.SERVICE1_CHAR2_GATT_NOTIFY_WRITE_REQ_AND_WAIT_FOR_APPL_RESP=\ 
STM32_WPAN.SERVICE1_CHAR2_LENGTH_CHARACTERISTIC=CHAR_VALUE_LEN_VARIABLE
STM32_WPAN.SERVICE1_CHAR2_LONG_NAME=acqcharac
STM32_WPAN.SERVICE1_CHAR2_PROP_READ=CHAR_PROP_READ
STM32_WPAN.SERVICE1_CHAR2_PROP_WRITE_WITHOUT_RESP=CHAR_PROP_WRITE_WITHOUT_RESP
STM32_WPAN.SERVICE1_CHAR2_SHORT_NAME=acq
STM32_WPAN.SERVICE1_CHAR2_UUID=AA AC
STM32_WPAN.SERVICE1_LONG_NAME=configdata
STM32_WPAN.SERVICE1_NUMBER_OF_CHARACTERISTICS=2
STM32_WPAN.SERVICE1_SHORT_NAME=config
STM32_WPAN.SERVICE1_UUID=AA AA
STM32_WPAN.SERVICE2_CHAR1_GATT_NOTIFY_NOTIFICATION_COMPLETION=GATT_NOTIFY_NOTIFICATION_COMPLETION
STM32_WPAN.SERVICE2_CHAR1_GATT_NOTIFY_READ_REQ_AND_WAIT_FOR_APPL_RESP=\ 
STM32_WPAN.SERVICE2_CHAR1_GATT_NOTIFY_WRITE_REQ_AND_WAIT_FOR_APPL_RESP=\ 
STM32_WPAN.SERVICE2_CHAR1_LENGTH_CHARACTERISTIC=CHAR_VALUE_LEN_VARIABLE
STM32_WPAN.SERVICE2_CHAR1_LONG_NAME=iacharac
STM32_WPAN.SERVICE2_CHAR1_PROP_NOTIFY=CHAR_PROP_NOTIFY
STM32_WPAN.SERVICE2_CHAR1_PROP_READ=CHAR_PROP_READ
STM32_WPAN.SERVICE2_CHAR1_SHORT_NAME=iac
STM32_WPAN.SERVICE2_CHAR1_UUID=BB BA
STM32_WPAN.SERVICE2_CHAR1_VALUE_LENGTH=2
STM32_WPAN.SERVICE2_LONG_NAME=iadata
STM32_WPAN.SERVICE2_SHORT_NAME=ia
STM32_WPAN.SERVICE2_UUID=BB BB
STM32_WPAN.SERVICE3_CHAR1_GATT_NOTIFY_NOTIFICATION_COMPLETION=\ 
STM32_WPAN.SERVICE3_CHAR1_GATT_NOTIFY_READ_REQ_AND_WAIT_FOR_APPL_RESP=\ 
STM32_WPAN.SERVICE3_CHAR1_GATT_NOTIFY_WRITE_REQ_AND_WAIT_FOR_APPL_RESP=\ 
STM32_WPAN.SERVICE3_CHAR1_LENGTH_CHARACTERISTIC=CHAR_VALUE_LEN_VARIABLE
STM32_WPAN.SERVICE3_CHAR1_LONG_NAME=accxcahrac
STM32_WPAN.SERVICE3_CHAR1_PROP_NOTIFY=CHAR_PROP_NOTIFY
STM32_WPAN.SERVICE3_CHAR1_PROP_READ=CHAR_PROP_READ
STM32_WPAN.SERVICE3_CHAR1_SHORT_NAME=accx
STM32_WPAN.SERVICE3_CHAR1_UUID=CC CA
STM32_WPAN.SERVICE3_CHAR1_VALUE_LENGTH=2
STM32_WPAN.SERVICE3_CHAR2_GATT_NOTIFY_NOTIFICATION_COMPLETION=GATT_NOTIFY_NOTIFICATION_COMPLETION
STM32_WPAN.SERVICE3_CHAR2_GATT_NOTIFY_READ_REQ_AND_WAIT_FOR_APPL_RESP=\ 
STM32_WPAN.SERVICE3_CHAR2_GATT_NOTIFY_WRITE_REQ_AND_WAIT_FOR_APPL_RESP=\ 
STM32_WPAN.SERVICE3_CHAR2_LENGTH_CHARACTERISTIC=CHAR_VALUE_LEN_VARIABLE
STM32_WPAN.SERVICE3_CHAR2_LONG_NAME=accycharac
STM32_WPAN.SERVICE3_CHAR2_PROP_NOTIFY=CHAR_PROP_NOTIFY
STM32_WPAN.SERVICE3_CHAR2_PROP_READ=CHAR_PROP_READ
STM32_WPAN.SERVICE3_CHAR2_SHORT_NAME=accy
STM32_WPAN.SERVICE3_CHAR2_UUID=CC CB
STM32_WPAN.SERVICE3_CHAR2_VALUE_LENGTH=2
STM32_WPAN.SERVICE3_CHAR3_GATT_NOTIFY_NOTIFICATION_COMPLETION=GATT_NOTIFY_NOTIFICATION_COMPLETION
STM32_WPAN.SERVICE3_CHAR3_GATT_NOTIFY_READ_REQ_AND_WAIT_FOR_APPL_RESP=\ 
STM32_WPAN.SERVICE3_CHAR3_GATT_NOTIFY_WRITE_REQ_AND_WAIT_FOR_APPL_RESP=\ 
STM32_WPAN.SERVICE3_CHAR3_LENGTH_CHARACTERISTIC=CHAR_VALUE_LEN_VARIABLE
STM32_WPAN.SERVICE3_CHAR3_LONG_NAME=acczcharac
STM32_WPAN.SERVICE3_CHAR3_PROP_NOTIFY=CHAR_PROP_NOTIFY
STM32_WPAN.SERVICE3_CHAR3_PROP_READ=CHAR_PROP_READ
STM32_WPAN.SERVICE3_CHAR3_SHORT_NAME=accz
STM32_WPAN.SERVICE3_CHAR3_UUID=CC CD
STM32_WPAN.SERVICE3_CHAR3_VALUE_LENGTH=2
STM32_WPAN.SERVICE3_LONG_NAME=accdata
STM32_WPAN.SERVICE3_NUMBER_OF_CHARACTERISTICS=3
STM32_WPAN.SERVICE3_SHORT_NAME=acc
STM32_WPAN.SERVICE3_UUID=CC CC
STM32_WPAN.SERVICE4_CHAR1_GATT_NOTIFY_NOTIFICATION_COMPLETION=GATT_NOTIFY_NOTIFICATION_COMPLETION
STM32_WPAN.SERVICE4_CHAR1_GATT_NOTIFY_READ_REQ_AND_WAIT_FOR_APPL_RESP=\ 
STM32_WPAN.SERVICE4_CHAR1_GATT_NOTIFY_WRITE_REQ_AND_WAIT_FOR_APPL_RESP=\ 
STM32_WPAN.SERVICE4_CHAR1_LENGTH_CHARACTERISTIC=CHAR_VALUE_LEN_VARIABLE
STM32_WPAN.SERVICE4_CHAR1_LONG_NAME=gyrxcharac
STM32_WPAN.SERVICE4_CHAR1_PROP_NOTIFY=CHAR_PROP_NOTIFY
STM32_WPAN.SERVICE4_CHAR1_PROP_READ=CHAR_PROP_READ
STM32_WPAN.SERVICE4_CHAR1_SHORT_NAME=gyrx
STM32_WPAN.SERVICE4_CHAR1_UUID=DD DA
STM32_WPAN.SERVICE4_CHAR1_VALUE_LENGTH=2
STM32_WPAN.SERVICE4_CHAR2_GATT_NOTIFY_NOTIFICATION_COMPLETION=GATT_NOTIFY_NOTIFICATION_COMPLETION
STM32_WPAN.SERVICE4_CHAR2_GATT_NOTIFY_READ_REQ_AND_WAIT_FOR_APPL_RESP=\ 
STM32_WPAN.SERVICE4_CHAR2_GATT_NOTIFY_WRITE_REQ_AND_WAIT_FOR_APPL_RESP=\ 
STM32_WPAN.SERVICE4_CHAR2_LENGTH_CHARACTERISTIC=CHAR_VALUE_LEN_VARIABLE
STM32_WPAN.SERVICE4_CHAR2_LONG_NAME=gyrycharac
STM32_WPAN.SERVICE4_CHAR2_PROP_NOTIFY=CHAR_PROP_NOTIFY
STM32_WPAN.SERVICE4_CHAR2_PROP_READ=CHAR_PROP_READ
STM32_WPAN.SERVICE4_CHAR2_SHORT_NAME=gyry
STM32_WPAN.SERVICE4_CHAR2_UUID=DD DB
STM32_WPAN.SERVICE4_CHAR2_VALUE_LENGTH=2
STM32_WPAN.SERVICE4_CHAR3_GATT_NOTIFY_NOTIFICATION_COMPLETION=GATT_NOTIFY_NOTIFICATION_COMPLETION
STM32_WPAN.SERVICE4_CHAR3_GATT_NOTIFY_READ_REQ_AND_WAIT_FOR_APPL_RESP=\ 
STM32_WPAN.SERVICE4_CHAR3_GATT_NOTIFY_WRITE_REQ_AND_WAIT_FOR_APPL_RESP=\ 
STM32_WPAN.SERVICE4_CHAR3_LENGTH_CHARACTERISTIC=CHAR_VALUE_LEN_VARIABLE
STM32_WPAN.SERVICE4_CHAR3_LONG_NAME=gyrzcharac
STM32_WPAN.SERVICE4_CHAR3_PROP_NOTIFY=CHAR_PROP_NOTIFY
STM32_WPAN.SERVICE4_CHAR3_PROP_READ=CHAR_PROP_READ
STM32_WPAN.SERVICE4_CHAR3_SHORT_NAME=gyrz
STM32_WPAN.SERVICE4_CHAR3_UUID=DD DC
STM32_WPAN.SERVICE4_CHAR3_VALUE_LENGTH=2
STM32_WPAN.SERVICE4_LONG_NAME=gyrdata
STM32_WPAN.SERVICE4_NUMBER_OF_CHARACTERISTICS=3
STM32_WPAN.SERVICE4_SHORT_NAME=gyr
STM32_WPAN.SERVICE4_UUID=DD DD
STM32_WPAN.SERVICE5_CHAR1_GATT_NOTIFY_NOTIFICATION_COMPLETION=GATT_NOTIFY_NOTIFICATION_COMPLETION
STM32_WPAN.SERVICE5_CHAR1_GATT_NOTIFY_READ_REQ_AND_WAIT_FOR_APPL_RESP=\ 
STM32_WPAN.SERVICE5_CHAR1_GATT_NOTIFY_WRITE_REQ_AND_WAIT_FOR_APPL_RESP=\ 
STM32_WPAN.SERVICE5_CHAR1_LENGTH_CHARACTERISTIC=CHAR_VALUE_LEN_VARIABLE
STM32_WPAN.SERVICE5_CHAR1_LONG_NAME=tempcharac
STM32_WPAN.SERVICE5_CHAR1_PROP_NOTIFY=CHAR_PROP_NOTIFY
STM32_WPAN.SERVICE5_CHAR1_PROP_READ=CHAR_PROP_READ
STM32_WPAN.SERVICE5_CHAR1_SHORT_NAME=tempc
STM32_WPAN.SERVICE5_CHAR1_UUID=EE EA
STM32_WPAN.SERVICE5_CHAR1_VALUE_LENGTH=2
STM32_WPAN.SERVICE5_LONG_NAME=tempdata
STM32_WPAN.SERVICE5_SHORT_NAME=temp
STM32_WPAN.SERVICE5_UUID=EE EE
TIM2.IPParameters=Prescaler,Period
TIM2.Period=\ 4294967295
TIM2.Prescaler=31
USART1.IPParameters=VirtualMode-Asynchronous,OverSampling
USART1.OverSampling=UART_OVERSAMPLING_8
USART1.VirtualMode-Asynchronous=VM_ASYNC
VP_FATFS_VS_Generic.Mode=User_defined
VP_FATFS_VS_Generic.Signal=FATFS_VS_Generic
VP_HSEM_VS_HSEM.Mode=HSEM_Activate
VP_HSEM_VS_HSEM.Signal=HSEM_VS_HSEM
VP_IPCC_VS_IPCC.Mode=IPCC_Activate
VP_IPCC_VS_IPCC.Signal=IPCC_VS_IPCC
VP_MEMORYMAP_VS_MEMORYMAP.Mode=CurAppReg
VP_MEMORYMAP_VS_MEMORYMAP.Signal=MEMORYMAP_VS_MEMORYMAP
VP_RTC_VS_RTC_Activate.Mode=RTC_Enabled
VP_RTC_VS_RTC_Activate.Signal=RTC_VS_RTC_Activate
VP_RTC_VS_RTC_WakeUp_intern.Mode=WakeUp
VP_RTC_VS_RTC_WakeUp_intern.Signal=RTC_VS_RTC_WakeUp_intern
VP_SEQUENCER_VS_SEQUENCER.Mode=SEQUENCER_Enabled
VP_SEQUENCER_VS_SEQUENCER.Signal=SEQUENCER_VS_SEQUENCER
VP_STM32_WPAN_VS_BLE_HOST.Mode=STM32_WPAN_Enabled
VP_STM32_WPAN_VS_BLE_HOST.Signal=STM32_WPAN_VS_BLE_HOST
VP_SYS_VS_Systick.Mode=SysTick
VP_SYS_VS_Systick.Signal=SYS_VS_Systick
VP_TIM2_VS_ClockSourceINT.Mode=Internal
VP_TIM2_VS_ClockSourceINT.Signal=TIM2_VS_ClockSourceINT
VP_TINY_LPM_VS_TINY_LPM.Mode=TINY_LPM_Enabled
VP_TINY_LPM_VS_TINY_LPM.Signal=TINY_LPM_VS_TINY_LPM
board=custom
isbadioc=false
